// !$*UTF8*$!
{
	archiveVersion = 1;
	classes = {
	};
	objectVersion = 50;
	objects = {

/* Begin PBXBuildFile section */
		55E8CA1F24E98FC500AFCCA8 /* AppDelegate.swift in Sources */ = {isa = PBXBuildFile; fileRef = 55E8CA1E24E98FC500AFCCA8 /* AppDelegate.swift */; };
		55E8CA2124E98FC500AFCCA8 /* SceneDelegate.swift in Sources */ = {isa = PBXBuildFile; fileRef = 55E8CA2024E98FC500AFCCA8 /* SceneDelegate.swift */; };
		55E8CA2324E98FC500AFCCA8 /* ViewController.swift in Sources */ = {isa = PBXBuildFile; fileRef = 55E8CA2224E98FC500AFCCA8 /* ViewController.swift */; };
		55E8CA2624E98FC500AFCCA8 /* Main.storyboard in Resources */ = {isa = PBXBuildFile; fileRef = 55E8CA2424E98FC500AFCCA8 /* Main.storyboard */; };
		55E8CA2824E98FC600AFCCA8 /* Assets.xcassets in Resources */ = {isa = PBXBuildFile; fileRef = 55E8CA2724E98FC600AFCCA8 /* Assets.xcassets */; };
		55E8CA2B24E98FC600AFCCA8 /* LaunchScreen.storyboard in Resources */ = {isa = PBXBuildFile; fileRef = 55E8CA2924E98FC600AFCCA8 /* LaunchScreen.storyboard */; };
		55E8CA3324E994FA00AFCCA8 /* OnboardingModel.swift in Sources */ = {isa = PBXBuildFile; fileRef = 55E8CA3224E994FA00AFCCA8 /* OnboardingModel.swift */; };
		55E8CA3524E9A09400AFCCA8 /* CustomPageControl.swift in Sources */ = {isa = PBXBuildFile; fileRef = 55E8CA3424E9A09400AFCCA8 /* CustomPageControl.swift */; };
/* End PBXBuildFile section */

/* Begin PBXFileReference section */
		55E8CA1B24E98FC500AFCCA8 /* ScrollView.app */ = {isa = PBXFileReference; explicitFileType = wrapper.application; includeInIndex = 0; path = ScrollView.app; sourceTree = BUILT_PRODUCTS_DIR; };
		55E8CA1E24E98FC500AFCCA8 /* AppDelegate.swift */ = {isa = PBXFileReference; lastKnownFileType = sourcecode.swift; path = AppDelegate.swift; sourceTree = "<group>"; };
		55E8CA2024E98FC500AFCCA8 /* SceneDelegate.swift */ = {isa = PBXFileReference; lastKnownFileType = sourcecode.swift; path = SceneDelegate.swift; sourceTree = "<group>"; };
		55E8CA2224E98FC500AFCCA8 /* ViewController.swift */ = {isa = PBXFileReference; lastKnownFileType = sourcecode.swift; path = ViewController.swift; sourceTree = "<group>"; };
		55E8CA2524E98FC500AFCCA8 /* Base */ = {isa = PBXFileReference; lastKnownFileType = file.storyboard; name = Base; path = Base.lproj/Main.storyboard; sourceTree = "<group>"; };
		55E8CA2724E98FC600AFCCA8 /* Assets.xcassets */ = {isa = PBXFileReference; lastKnownFileType = folder.assetcatalog; path = Assets.xcassets; sourceTree = "<group>"; };
		55E8CA2A24E98FC600AFCCA8 /* Base */ = {isa = PBXFileReference; lastKnownFileType = file.storyboard; name = Base; path = Base.lproj/LaunchScreen.storyboard; sourceTree = "<group>"; };
		55E8CA2C24E98FC600AFCCA8 /* Info.plist */ = {isa = PBXFileReference; lastKnownFileType = text.plist.xml; path = Info.plist; sourceTree = "<group>"; };
		55E8CA3224E994FA00AFCCA8 /* OnboardingModel.swift */ = {isa = PBXFileReference; lastKnownFileType = sourcecode.swift; path = OnboardingModel.swift; sourceTree = "<group>"; };
		55E8CA3424E9A09400AFCCA8 /* CustomPageControl.swift */ = {isa = PBXFileReference; lastKnownFileType = sourcecode.swift; path = CustomPageControl.swift; sourceTree = "<group>"; };
/* End PBXFileReference section */

/* Begin PBXFrameworksBuildPhase section */
		55E8CA1824E98FC500AFCCA8 /* Frameworks */ = {
			isa = PBXFrameworksBuildPhase;
			buildActionMask = 2147483647;
			files = (
			);
			runOnlyForDeploymentPostprocessing = 0;
		};
/* End PBXFrameworksBuildPhase section */

/* Begin PBXGroup section */
		55E8CA1224E98FC500AFCCA8 = {
			isa = PBXGroup;
			children = (
				55E8CA1D24E98FC500AFCCA8 /* ScrollView */,
				55E8CA1C24E98FC500AFCCA8 /* Products */,
			);
			sourceTree = "<group>";
		};
		55E8CA1C24E98FC500AFCCA8 /* Products */ = {
			isa = PBXGroup;
			children = (
				55E8CA1B24E98FC500AFCCA8 /* ScrollView.app */,
			);
			name = Products;
			sourceTree = "<group>";
		};
		55E8CA1D24E98FC500AFCCA8 /* ScrollView */ = {
			isa = PBXGroup;
			children = (
				55E8CA1E24E98FC500AFCCA8 /* AppDelegate.swift */,
				55E8CA2024E98FC500AFCCA8 /* SceneDelegate.swift */,
				55E8CA2224E98FC500AFCCA8 /* ViewController.swift */,
				55E8CA2424E98FC500AFCCA8 /* Main.storyboard */,
				55E8CA2724E98FC600AFCCA8 /* Assets.xcassets */,
				55E8CA2924E98FC600AFCCA8 /* LaunchScreen.storyboard */,
				55E8CA2C24E98FC600AFCCA8 /* Info.plist */,
				55E8CA3224E994FA00AFCCA8 /* OnboardingModel.swift */,
				55E8CA3424E9A09400AFCCA8 /* CustomPageControl.swift */,
			);
			path = ScrollView;
			sourceTree = "<group>";
		};
/* End PBXGroup section */

/* Begin PBXNativeTarget section */
		55E8CA1A24E98FC500AFCCA8 /* ScrollView */ = {
			isa = PBXNativeTarget;
			buildConfigurationList = 55E8CA2F24E98FC600AFCCA8 /* Build configuration list for PBXNativeTarget "ScrollView" */;
			buildPhases = (
				55E8CA1724E98FC500AFCCA8 /* Sources */,
				55E8CA1824E98FC500AFCCA8 /* Frameworks */,
				55E8CA1924E98FC500AFCCA8 /* Resources */,
			);
			buildRules = (
			);
			dependencies = (
			);
			name = ScrollView;
			productName = ScrollView;
			productReference = 55E8CA1B24E98FC500AFCCA8 /* ScrollView.app */;
			productType = "com.apple.product-type.application";
		};
/* End PBXNativeTarget section */

/* Begin PBXProject section */
		55E8CA1324E98FC500AFCCA8 /* Project object */ = {
			isa = PBXProject;
			attributes = {
				LastSwiftUpdateCheck = 1130;
				LastUpgradeCheck = 1130;
				ORGANIZATIONNAME = "Matheus Donizete Batista";
				TargetAttributes = {
					55E8CA1A24E98FC500AFCCA8 = {
						CreatedOnToolsVersion = 11.3.1;
					};
				};
			};
			buildConfigurationList = 55E8CA1624E98FC500AFCCA8 /* Build configuration list for PBXProject "ScrollView" */;
			compatibilityVersion = "Xcode 9.3";
			developmentRegion = en;
			hasScannedForEncodings = 0;
			knownRegions = (
				en,
				Base,
			);
			mainGroup = 55E8CA1224E98FC500AFCCA8;
			productRefGroup = 55E8CA1C24E98FC500AFCCA8 /* Products */;
			projectDirPath = "";
			projectRoot = "";
			targets = (
				55E8CA1A24E98FC500AFCCA8 /* ScrollView */,
			);
		};
/* End PBXProject section */

/* Begin PBXResourcesBuildPhase section */
		55E8CA1924E98FC500AFCCA8 /* Resources */ = {
			isa = PBXResourcesBuildPhase;
			buildActionMask = 2147483647;
			files = (
				55E8CA2B24E98FC600AFCCA8 /* LaunchScreen.storyboard in Resources */,
				55E8CA2824E98FC600AFCCA8 /* Assets.xcassets in Resources */,
				55E8CA2624E98FC500AFCCA8 /* Main.storyboard in Resources */,
			);
			runOnlyForDeploymentPostprocessing = 0;
		};
/* End PBXResourcesBuildPhase section */

/* Begin PBXSourcesBuildPhase section */
		55E8CA1724E98FC500AFCCA8 /* Sources */ = {
			isa = PBXSourcesBuildPhase;
			buildActionMask = 2147483647;
			files = (
				55E8CA3524E9A09400AFCCA8 /* CustomPageControl.swift in Sources */,
				55E8CA2324E98FC500AFCCA8 /* ViewController.swift in Sources */,
				55E8CA1F24E98FC500AFCCA8 /* AppDelegate.swift in Sources */,
				55E8CA3324E994FA00AFCCA8 /* OnboardingModel.swift in Sources */,
				55E8CA2124E98FC500AFCCA8 /* SceneDelegate.swift in Sources */,
			);
			runOnlyForDeploymentPostprocessing = 0;
		};
/* End PBXSourcesBuildPhase section */

/* Begin PBXVariantGroup section */
		55E8CA2424E98FC500AFCCA8 /* Main.storyboard */ = {
			isa = PBXVariantGroup;
			children = (
				55E8CA2524E98FC500AFCCA8 /* Base */,
			);
			name = Main.storyboard;
			sourceTree = "<group>";
		};
		55E8CA2924E98FC600AFCCA8 /* LaunchScreen.storyboard */ = {
			isa = PBXVariantGroup;
			children = (
				55E8CA2A24E98FC600AFCCA8 /* Base */,
			);
			name = LaunchScreen.storyboard;
			sourceTree = "<group>";
		};
/* End PBXVariantGroup section */

/* Begin XCBuildConfiguration section */
		55E8CA2D24E98FC600AFCCA8 /* Debug */ = {
			isa = XCBuildConfiguration;
			buildSettings = {
				ALWAYS_SEARCH_USER_PATHS = NO;
				CLANG_ANALYZER_NONNULL = YES;
				CLANG_ANALYZER_NUMBER_OBJECT_CONVERSION = YES_AGGRESSIVE;
				CLANG_CXX_LANGUAGE_STANDARD = "gnu++14";
				CLANG_CXX_LIBRARY = "libc++";
				CLANG_ENABLE_MODULES = YES;
				CLANG_ENABLE_OBJC_ARC = YES;
				CLANG_ENABLE_OBJC_WEAK = YES;
				CLANG_WARN_BLOCK_CAPTURE_AUTORELEASING = YES;
				CLANG_WARN_BOOL_CONVERSION = YES;
				CLANG_WARN_COMMA = YES;
				CLANG_WARN_CONSTANT_CONVERSION = YES;
				CLANG_WARN_DEPRECATED_OBJC_IMPLEMENTATIONS = YES;
				CLANG_WARN_DIRECT_OBJC_ISA_USAGE = YES_ERROR;
				CLANG_WARN_DOCUMENTATION_COMMENTS = YES;
				CLANG_WARN_EMPTY_BODY = YES;
				CLANG_WARN_ENUM_CONVERSION = YES;
				CLANG_WARN_INFINITE_RECURSION = YES;
				CLANG_WARN_INT_CONVERSION = YES;
				CLANG_WARN_NON_LITERAL_NULL_CONVERSION = YES;
				CLANG_WARN_OBJC_IMPLICIT_RETAIN_SELF = YES;
				CLANG_WARN_OBJC_LITERAL_CONVERSION = YES;
				CLANG_WARN_OBJC_ROOT_CLASS = YES_ERROR;
				CLANG_WARN_RANGE_LOOP_ANALYSIS = YES;
				CLANG_WARN_STRICT_PROTOTYPES = YES;
				CLANG_WARN_SUSPICIOUS_MOVE = YES;
				CLANG_WARN_UNGUARDED_AVAILABILITY = YES_AGGRESSIVE;
				CLANG_WARN_UNREACHABLE_CODE = YES;
				CLANG_WARN__DUPLICATE_METHOD_MATCH = YES;
				COPY_PHASE_STRIP = NO;
				DEBUG_INFORMATION_FORMAT = dwarf;
				ENABLE_STRICT_OBJC_MSGSEND = YES;
				ENABLE_TESTABILITY = YES;
				GCC_C_LANGUAGE_STANDARD = gnu11;
				GCC_DYNAMIC_NO_PIC = NO;
				GCC_NO_COMMON_BLOCKS = YES;
				GCC_OPTIMIZATION_LEVEL = 0;
				GCC_PREPROCESSOR_DEFINITIONS = (
					"DEBUG=1",
					"$(inherited)",
				);
				GCC_WARN_64_TO_32_BIT_CONVERSION = YES;
				GCC_WARN_ABOUT_RETURN_TYPE = YES_ERROR;
				GCC_WARN_UNDECLARED_SELECTOR = YES;
				GCC_WARN_UNINITIALIZED_AUTOS = YES_AGGRESSIVE;
				GCC_WARN_UNUSED_FUNCTION = YES;
				GCC_WARN_UNUSED_VARIABLE = YES;
				IPHONEOS_DEPLOYMENT_TARGET = 13.2;
				MTL_ENABLE_DEBUG_INFO = INCLUDE_SOURCE;
				MTL_FAST_MATH = YES;
				ONLY_ACTIVE_ARCH = YES;
				SDKROOT = iphoneos;
				SWIFT_ACTIVE_COMPILATION_CONDITIONS = DEBUG;
				SWIFT_OPTIMIZATION_LEVEL = "-Onone";
			};
			name = Debug;
		};
		55E8CA2E24E98FC600AFCCA8 /* Release */ = {
			isa = XCBuildConfiguration;
			buildSettings = {
				ALWAYS_SEARCH_USER_PATHS = NO;
				CLANG_ANALYZER_NONNULL = YES;
				CLANG_ANALYZER_NUMBER_OBJECT_CONVERSION = YES_AGGRESSIVE;
				CLANG_CXX_LANGUAGE_STANDARD = "gnu++14";
				CLANG_CXX_LIBRARY = "libc++";
				CLANG_ENABLE_MODULES = YES;
				CLANG_ENABLE_OBJC_ARC = YES;
				CLANG_ENABLE_OBJC_WEAK = YES;
				CLANG_WARN_BLOCK_CAPTURE_AUTORELEASING = YES;
				CLANG_WARN_BOOL_CONVERSION = YES;
				CLANG_WARN_COMMA = YES;
				CLANG_WARN_CONSTANT_CONVERSION = YES;
				CLANG_WARN_DEPRECATED_OBJC_IMPLEMENTATIONS = YES;
				CLANG_WARN_DIRECT_OBJC_ISA_USAGE = YES_ERROR;
				CLANG_WARN_DOCUMENTATION_COMMENTS = YES;
				CLANG_WARN_EMPTY_BODY = YES;
				CLANG_WARN_ENUM_CONVERSION = YES;
				CLANG_WARN_INFINITE_RECURSION = YES;
				CLANG_WARN_INT_CONVERSION = YES;
				CLANG_WARN_NON_LITERAL_NULL_CONVERSION = YES;
				CLANG_WARN_OBJC_IMPLICIT_RETAIN_SELF = YES;
				CLANG_WARN_OBJC_LITERAL_CONVERSION = YES;
				CLANG_WARN_OBJC_ROOT_CLASS = YES_ERROR;
				CLANG_WARN_RANGE_LOOP_ANALYSIS = YES;
				CLANG_WARN_STRICT_PROTOTYPES = YES;
				CLANG_WARN_SUSPICIOUS_MOVE = YES;
				CLANG_WARN_UNGUARDED_AVAILABILITY = YES_AGGRESSIVE;
				CLANG_WARN_UNREACHABLE_CODE = YES;
				CLANG_WARN__DUPLICATE_METHOD_MATCH = YES;
				COPY_PHASE_STRIP = NO;
				DEBUG_INFORMATION_FORMAT = "dwarf-with-dsym";
				ENABLE_NS_ASSERTIONS = NO;
				ENABLE_STRICT_OBJC_MSGSEND = YES;
				GCC_C_LANGUAGE_STANDARD = gnu11;
				GCC_NO_COMMON_BLOCKS = YES;
				GCC_WARN_64_TO_32_BIT_CONVERSION = YES;
				GCC_WARN_ABOUT_RETURN_TYPE = YES_ERROR;
				GCC_WARN_UNDECLARED_SELECTOR = YES;
				GCC_WARN_UNINITIALIZED_AUTOS = YES_AGGRESSIVE;
				GCC_WARN_UNUSED_FUNCTION = YES;
				GCC_WARN_UNUSED_VARIABLE = YES;
				IPHONEOS_DEPLOYMENT_TARGET = 13.2;
				MTL_ENABLE_DEBUG_INFO = NO;
				MTL_FAST_MATH = YES;
				SDKROOT = iphoneos;
				SWIFT_COMPILATION_MODE = wholemodule;
				SWIFT_OPTIMIZATION_LEVEL = "-O";
				VALIDATE_PRODUCT = YES;
			};
			name = Release;
		};
		55E8CA3024E98FC600AFCCA8 /* Debug */ = {
			isa = XCBuildConfiguration;
			buildSettings = {
				ASSETCATALOG_COMPILER_APPICON_NAME = AppIcon;
				CODE_SIGN_STYLE = Automatic;
				DEVELOPMENT_TEAM = 4K898XU63L;
				INFOPLIST_FILE = ScrollView/Info.plist;
				LD_RUNPATH_SEARCH_PATHS = (
					"$(inherited)",
					"@executable_path/Frameworks",
				);
				PRODUCT_BUNDLE_IDENTIFIER = com.mdbatista.ScrollView;
				PRODUCT_NAME = "$(TARGET_NAME)";
				SWIFT_VERSION = 5.0;
				TARGETED_DEVICE_FAMILY = "1,2";
			};
			name = Debug;
		};
		55E8CA3124E98FC600AFCCA8 /* Release */ = {
			isa = XCBuildConfiguration;
			buildSettings = {
				ASSETCATALOG_COMPILER_APPICON_NAME = AppIcon;
				CODE_SIGN_STYLE = Automatic;
				DEVELOPMENT_TEAM = 4K898XU63L;
				INFOPLIST_FILE = ScrollView/Info.plist;
				LD_RUNPATH_SEARCH_PATHS = (
					"$(inherited)",
					"@executable_path/Frameworks",
				);
				PRODUCT_BUNDLE_IDENTIFIER = com.mdbatista.ScrollView;
				PRODUCT_NAME = "$(TARGET_NAME)";
				SWIFT_VERSION = 5.0;
				TARGETED_DEVICE_FAMILY = "1,2";
			};
			name = Release;
		};
/* End XCBuildConfiguration section */

/* Begin XCConfigurationList section */
		55E8CA1624E98FC500AFCCA8 /* Build configuration list for PBXProject "ScrollView" */ = {
			isa = XCConfigurationList;
			buildConfigurations = (
				55E8CA2D24E98FC600AFCCA8 /* Debug */,
				55E8CA2E24E98FC600AFCCA8 /* Release */,
			);
			defaultConfigurationIsVisible = 0;
			defaultConfigurationName = Release;
		};
		55E8CA2F24E98FC600AFCCA8 /* Build configuration list for PBXNativeTarget "ScrollView" */ = {
			isa = XCConfigurationList;
			buildConfigurations = (
				55E8CA3024E98FC600AFCCA8 /* Debug */,
				55E8CA3124E98FC600AFCCA8 /* Release */,
			);
			defaultConfigurationIsVisible = 0;
			defaultConfigurationName = Release;
		};
/* End XCConfigurationList section */
	};
	rootObject = 55E8CA1324E98FC500AFCCA8 /* Project object */;
}
